
Microsoft Visual Studio Solution File, Format Version 12.00
# Visual Studio Version 17
VisualStudioVersion = 17.6.33829.357
MinimumVisualStudioVersion = 10.0.40219.1
Project("{FAE04EC0-301F-11D3-BF4B-00C04F79EFBC}") = "Delegate-Practice", "ExtentionMethods-Practice\Delegate-Practice.csproj", "{E9972218-8A96-4285-9828-F70DB5533C1C}"
EndProject
Global
	GlobalSection(SolutionConfigurationPlatforms) = preSolution
		Debug|Any CPU = Debug|Any CPU
		Release|Any CPU = Release|Any CPU
	EndGlobalSection
	GlobalSection(ProjectConfigurationPlatforms) = postSolution
		{E9972218-8A96-4285-9828-F70DB5533C1C}.Debug|Any CPU.ActiveCfg = Debug|Any CPU
		{E9972218-8A96-4285-9828-F70DB5533C1C}.Debug|Any CPU.Build.0 = Debug|Any CPU
		{E9972218-8A96-4285-9828-F70DB5533C1C}.Release|Any CPU.ActiveCfg = Release|Any CPU
		{E9972218-8A96-4285-9828-F70DB5533C1C}.Release|Any CPU.Build.0 = Release|Any CPU
	EndGlobalSection
	GlobalSection(SolutionProperties) = preSolution
		HideSolutionNode = FALSE
	EndGlobalSection
	GlobalSection(ExtensibilityGlobals) = postSolution
		SolutionGuid = {399D74DA-ED81-4AE4-9FE9-F5109CD216FA}
	EndGlobalSection
EndGlobal
